// !$*UTF8*$!
{
	archiveVersion = 1;
	classes = {
	};
	objectVersion = 56;
	objects = {

/* Begin PBXBuildFile section */
		230A2175293A3B0100E0E0BF /* AppDelegate.swift in Sources */ = {isa = PBXBuildFile; fileRef = 230A2174293A3B0100E0E0BF /* AppDelegate.swift */; };
		230A2177293A3B0100E0E0BF /* SceneDelegate.swift in Sources */ = {isa = PBXBuildFile; fileRef = 230A2176293A3B0100E0E0BF /* SceneDelegate.swift */; };
		230A2179293A3B0100E0E0BF /* ViewController.swift in Sources */ = {isa = PBXBuildFile; fileRef = 230A2178293A3B0100E0E0BF /* ViewController.swift */; };
		230A217C293A3B0100E0E0BF /* Main.storyboard in Resources */ = {isa = PBXBuildFile; fileRef = 230A217A293A3B0100E0E0BF /* Main.storyboard */; };
		230A217E293A3B0100E0E0BF /* Assets.xcassets in Resources */ = {isa = PBXBuildFile; fileRef = 230A217D293A3B0100E0E0BF /* Assets.xcassets */; };
		230A2181293A3B0100E0E0BF /* LaunchScreen.storyboard in Resources */ = {isa = PBXBuildFile; fileRef = 230A217F293A3B0100E0E0BF /* LaunchScreen.storyboard */; };
		230A218A293A3ECE00E0E0BF /* ZendeskSupportSDK in Frameworks */ = {isa = PBXBuildFile; productRef = 230A2189293A3ECE00E0E0BF /* ZendeskSupportSDK */; };
		232CA55E293A4D7100D1EEE3 /* .gitignore in Resources */ = {isa = PBXBuildFile; fileRef = 232CA55D293A4D7100D1EEE3 /* .gitignore */; };
/* End PBXBuildFile section */

/* Begin PBXFileReference section */
		230A2171293A3B0100E0E0BF /* ZendeskSupportDemo.app */ = {isa = PBXFileReference; explicitFileType = wrapper.application; includeInIndex = 0; path = ZendeskSupportDemo.app; sourceTree = BUILT_PRODUCTS_DIR; };
		230A2174293A3B0100E0E0BF /* AppDelegate.swift */ = {isa = PBXFileReference; lastKnownFileType = sourcecode.swift; path = AppDelegate.swift; sourceTree = "<group>"; };
		230A2176293A3B0100E0E0BF /* SceneDelegate.swift */ = {isa = PBXFileReference; lastKnownFileType = sourcecode.swift; path = SceneDelegate.swift; sourceTree = "<group>"; };
		230A2178293A3B0100E0E0BF /* ViewController.swift */ = {isa = PBXFileReference; lastKnownFileType = sourcecode.swift; path = ViewController.swift; sourceTree = "<group>"; };
		230A217B293A3B0100E0E0BF /* Base */ = {isa = PBXFileReference; lastKnownFileType = file.storyboard; name = Base; path = Base.lproj/Main.storyboard; sourceTree = "<group>"; };
		230A217D293A3B0100E0E0BF /* Assets.xcassets */ = {isa = PBXFileReference; lastKnownFileType = folder.assetcatalog; path = Assets.xcassets; sourceTree = "<group>"; };
		230A2180293A3B0100E0E0BF /* Base */ = {isa = PBXFileReference; lastKnownFileType = file.storyboard; name = Base; path = Base.lproj/LaunchScreen.storyboard; sourceTree = "<group>"; };
		230A2182293A3B0100E0E0BF /* Info.plist */ = {isa = PBXFileReference; lastKnownFileType = text.plist.xml; path = Info.plist; sourceTree = "<group>"; };
		232CA55D293A4D7100D1EEE3 /* .gitignore */ = {isa = PBXFileReference; lastKnownFileType = text; path = .gitignore; sourceTree = "<group>"; };
/* End PBXFileReference section */

/* Begin PBXFrameworksBuildPhase section */
		230A216E293A3B0100E0E0BF /* Frameworks */ = {
			isa = PBXFrameworksBuildPhase;
			buildActionMask = 2147483647;
			files = (
				230A218A293A3ECE00E0E0BF /* ZendeskSupportSDK in Frameworks */,
			);
			runOnlyForDeploymentPostprocessing = 0;
		};
/* End PBXFrameworksBuildPhase section */

/* Begin PBXGroup section */
		230A2168293A3B0100E0E0BF = {
			isa = PBXGroup;
			children = (
				232CA55D293A4D7100D1EEE3 /* .gitignore */,
				230A2173293A3B0100E0E0BF /* ZendeskSupportDemo */,
				230A2172293A3B0100E0E0BF /* Products */,
			);
			sourceTree = "<group>";
		};
		230A2172293A3B0100E0E0BF /* Products */ = {
			isa = PBXGroup;
			children = (
				230A2171293A3B0100E0E0BF /* ZendeskSupportDemo.app */,
			);
			name = Products;
			sourceTree = "<group>";
		};
		230A2173293A3B0100E0E0BF /* ZendeskSupportDemo */ = {
			isa = PBXGroup;
			children = (
				230A2174293A3B0100E0E0BF /* AppDelegate.swift */,
				230A2176293A3B0100E0E0BF /* SceneDelegate.swift */,
				230A2178293A3B0100E0E0BF /* ViewController.swift */,
				230A217A293A3B0100E0E0BF /* Main.storyboard */,
				230A217D293A3B0100E0E0BF /* Assets.xcassets */,
				230A217F293A3B0100E0E0BF /* LaunchScreen.storyboard */,
				230A2182293A3B0100E0E0BF /* Info.plist */,
			);
			path = ZendeskSupportDemo;
			sourceTree = "<group>";
		};
/* End PBXGroup section */

/* Begin PBXNativeTarget section */
		230A2170293A3B0100E0E0BF /* ZendeskSupportDemo */ = {
			isa = PBXNativeTarget;
			buildConfigurationList = 230A2185293A3B0100E0E0BF /* Build configuration list for PBXNativeTarget "ZendeskSupportDemo" */;
			buildPhases = (
				230A216D293A3B0100E0E0BF /* Sources */,
				230A216E293A3B0100E0E0BF /* Frameworks */,
				230A216F293A3B0100E0E0BF /* Resources */,
			);
			buildRules = (
			);
			dependencies = (
			);
			name = ZendeskSupportDemo;
			packageProductDependencies = (
				230A2189293A3ECE00E0E0BF /* ZendeskSupportSDK */,
			);
			productName = ZendeskSupportDemo;
			productReference = 230A2171293A3B0100E0E0BF /* ZendeskSupportDemo.app */;
			productType = "com.apple.product-type.application";
		};
/* End PBXNativeTarget section */

/* Begin PBXProject section */
		230A2169293A3B0100E0E0BF /* Project object */ = {
			isa = PBXProject;
			attributes = {
				BuildIndependentTargetsInParallel = 1;
				LastSwiftUpdateCheck = 1410;
				LastUpgradeCheck = 1410;
				TargetAttributes = {
					230A2170293A3B0100E0E0BF = {
						CreatedOnToolsVersion = 14.1;
					};
				};
			};
			buildConfigurationList = 230A216C293A3B0100E0E0BF /* Build configuration list for PBXProject "ZendeskSupportDemo" */;
			compatibilityVersion = "Xcode 14.0";
			developmentRegion = en;
			hasScannedForEncodings = 0;
			knownRegions = (
				en,
				Base,
			);
			mainGroup = 230A2168293A3B0100E0E0BF;
			packageReferences = (
				230A2188293A3ECE00E0E0BF /* XCRemoteSwiftPackageReference "support_sdk_ios" */,
			);
			productRefGroup = 230A2172293A3B0100E0E0BF /* Products */;
			projectDirPath = "";
			projectRoot = "";
			targets = (
				230A2170293A3B0100E0E0BF /* ZendeskSupportDemo */,
			);
		};
/* End PBXProject section */

/* Begin PBXResourcesBuildPhase section */
		230A216F293A3B0100E0E0BF /* Resources */ = {
			isa = PBXResourcesBuildPhase;
			buildActionMask = 2147483647;
			files = (
				232CA55E293A4D7100D1EEE3 /* .gitignore in Resources */,
				230A2181293A3B0100E0E0BF /* LaunchScreen.storyboard in Resources */,
				230A217E293A3B0100E0E0BF /* Assets.xcassets in Resources */,
				230A217C293A3B0100E0E0BF /* Main.storyboard in Resources */,
			);
			runOnlyForDeploymentPostprocessing = 0;
		};
/* End PBXResourcesBuildPhase section */

/* Begin PBXSourcesBuildPhase section */
		230A216D293A3B0100E0E0BF /* Sources */ = {
			isa = PBXSourcesBuildPhase;
			buildActionMask = 2147483647;
			files = (
				230A2179293A3B0100E0E0BF /* ViewController.swift in Sources */,
				230A2175293A3B0100E0E0BF /* AppDelegate.swift in Sources */,
				230A2177293A3B0100E0E0BF /* SceneDelegate.swift in Sources */,
			);
			runOnlyForDeploymentPostprocessing = 0;
		};
/* End PBXSourcesBuildPhase section */

/* Begin PBXVariantGroup section */
		230A217A293A3B0100E0E0BF /* Main.storyboard */ = {
			isa = PBXVariantGroup;
			children = (
				230A217B293A3B0100E0E0BF /* Base */,
			);
			name = Main.storyboard;
			sourceTree = "<group>";
		};
		230A217F293A3B0100E0E0BF /* LaunchScreen.storyboard */ = {
			isa = PBXVariantGroup;
			children = (
				230A2180293A3B0100E0E0BF /* Base */,
			);
			name = LaunchScreen.storyboard;
			sourceTree = "<group>";
		};
/* End PBXVariantGroup section */

/* Begin XCBuildConfiguration section */
		230A2183293A3B0100E0E0BF /* Debug */ = {
			isa = XCBuildConfiguration;
			buildSettings = {
				ALWAYS_SEARCH_USER_PATHS = NO;
				CLANG_ANALYZER_NONNULL = YES;
				CLANG_ANALYZER_NUMBER_OBJECT_CONVERSION = YES_AGGRESSIVE;
				CLANG_CXX_LANGUAGE_STANDARD = "gnu++20";
				CLANG_ENABLE_MODULES = YES;
				CLANG_ENABLE_OBJC_ARC = YES;
				CLANG_ENABLE_OBJC_WEAK = YES;
				CLANG_WARN_BLOCK_CAPTURE_AUTORELEASING = YES;
				CLANG_WARN_BOOL_CONVERSION = YES;
				CLANG_WARN_COMMA = YES;
				CLANG_WARN_CONSTANT_CONVERSION = YES;
				CLANG_WARN_DEPRECATED_OBJC_IMPLEMENTATIONS = YES;
				CLANG_WARN_DIRECT_OBJC_ISA_USAGE = YES_ERROR;
				CLANG_WARN_DOCUMENTATION_COMMENTS = YES;
				CLANG_WARN_EMPTY_BODY = YES;
				CLANG_WARN_ENUM_CONVERSION = YES;
				CLANG_WARN_INFINITE_RECURSION = YES;
				CLANG_WARN_INT_CONVERSION = YES;
				CLANG_WARN_NON_LITERAL_NULL_CONVERSION = YES;
				CLANG_WARN_OBJC_IMPLICIT_RETAIN_SELF = YES;
				CLANG_WARN_OBJC_LITERAL_CONVERSION = YES;
				CLANG_WARN_OBJC_ROOT_CLASS = YES_ERROR;
				CLANG_WARN_QUOTED_INCLUDE_IN_FRAMEWORK_HEADER = YES;
				CLANG_WARN_RANGE_LOOP_ANALYSIS = YES;
				CLANG_WARN_STRICT_PROTOTYPES = YES;
				CLANG_WARN_SUSPICIOUS_MOVE = YES;
				CLANG_WARN_UNGUARDED_AVAILABILITY = YES_AGGRESSIVE;
				CLANG_WARN_UNREACHABLE_CODE = YES;
				CLANG_WARN__DUPLICATE_METHOD_MATCH = YES;
				COPY_PHASE_STRIP = NO;
				DEBUG_INFORMATION_FORMAT = dwarf;
				ENABLE_STRICT_OBJC_MSGSEND = YES;
				ENABLE_TESTABILITY = YES;
				GCC_C_LANGUAGE_STANDARD = gnu11;
				GCC_DYNAMIC_NO_PIC = NO;
				GCC_NO_COMMON_BLOCKS = YES;
				GCC_OPTIMIZATION_LEVEL = 0;
				GCC_PREPROCESSOR_DEFINITIONS = (
					"DEBUG=1",
					"$(inherited)",
				);
				GCC_WARN_64_TO_32_BIT_CONVERSION = YES;
				GCC_WARN_ABOUT_RETURN_TYPE = YES_ERROR;
				GCC_WARN_UNDECLARED_SELECTOR = YES;
				GCC_WARN_UNINITIALIZED_AUTOS = YES_AGGRESSIVE;
				GCC_WARN_UNUSED_FUNCTION = YES;
				GCC_WARN_UNUSED_VARIABLE = YES;
				IPHONEOS_DEPLOYMENT_TARGET = 16.1;
				MTL_ENABLE_DEBUG_INFO = INCLUDE_SOURCE;
				MTL_FAST_MATH = YES;
				ONLY_ACTIVE_ARCH = YES;
				SDKROOT = iphoneos;
				SWIFT_ACTIVE_COMPILATION_CONDITIONS = DEBUG;
				SWIFT_OPTIMIZATION_LEVEL = "-Onone";
			};
			name = Debug;
		};
		230A2184293A3B0100E0E0BF /* Release */ = {
			isa = XCBuildConfiguration;
			buildSettings = {
				ALWAYS_SEARCH_USER_PATHS = NO;
				CLANG_ANALYZER_NONNULL = YES;
				CLANG_ANALYZER_NUMBER_OBJECT_CONVERSION = YES_AGGRESSIVE;
				CLANG_CXX_LANGUAGE_STANDARD = "gnu++20";
				CLANG_ENABLE_MODULES = YES;
				CLANG_ENABLE_OBJC_ARC = YES;
				CLANG_ENABLE_OBJC_WEAK = YES;
				CLANG_WARN_BLOCK_CAPTURE_AUTORELEASING = YES;
				CLANG_WARN_BOOL_CONVERSION = YES;
				CLANG_WARN_COMMA = YES;
				CLANG_WARN_CONSTANT_CONVERSION = YES;
				CLANG_WARN_DEPRECATED_OBJC_IMPLEMENTATIONS = YES;
				CLANG_WARN_DIRECT_OBJC_ISA_USAGE = YES_ERROR;
				CLANG_WARN_DOCUMENTATION_COMMENTS = YES;
				CLANG_WARN_EMPTY_BODY = YES;
				CLANG_WARN_ENUM_CONVERSION = YES;
				CLANG_WARN_INFINITE_RECURSION = YES;
				CLANG_WARN_INT_CONVERSION = YES;
				CLANG_WARN_NON_LITERAL_NULL_CONVERSION = YES;
				CLANG_WARN_OBJC_IMPLICIT_RETAIN_SELF = YES;
				CLANG_WARN_OBJC_LITERAL_CONVERSION = YES;
				CLANG_WARN_OBJC_ROOT_CLASS = YES_ERROR;
				CLANG_WARN_QUOTED_INCLUDE_IN_FRAMEWORK_HEADER = YES;
				CLANG_WARN_RANGE_LOOP_ANALYSIS = YES;
				CLANG_WARN_STRICT_PROTOTYPES = YES;
				CLANG_WARN_SUSPICIOUS_MOVE = YES;
				CLANG_WARN_UNGUARDED_AVAILABILITY = YES_AGGRESSIVE;
				CLANG_WARN_UNREACHABLE_CODE = YES;
				CLANG_WARN__DUPLICATE_METHOD_MATCH = YES;
				COPY_PHASE_STRIP = NO;
				DEBUG_INFORMATION_FORMAT = "dwarf-with-dsym";
				ENABLE_NS_ASSERTIONS = NO;
				ENABLE_STRICT_OBJC_MSGSEND = YES;
				GCC_C_LANGUAGE_STANDARD = gnu11;
				GCC_NO_COMMON_BLOCKS = YES;
				GCC_WARN_64_TO_32_BIT_CONVERSION = YES;
				GCC_WARN_ABOUT_RETURN_TYPE = YES_ERROR;
				GCC_WARN_UNDECLARED_SELECTOR = YES;
				GCC_WARN_UNINITIALIZED_AUTOS = YES_AGGRESSIVE;
				GCC_WARN_UNUSED_FUNCTION = YES;
				GCC_WARN_UNUSED_VARIABLE = YES;
				IPHONEOS_DEPLOYMENT_TARGET = 16.1;
				MTL_ENABLE_DEBUG_INFO = NO;
				MTL_FAST_MATH = YES;
				SDKROOT = iphoneos;
				SWIFT_COMPILATION_MODE = wholemodule;
				SWIFT_OPTIMIZATION_LEVEL = "-O";
				VALIDATE_PRODUCT = YES;
			};
			name = Release;
		};
		230A2186293A3B0100E0E0BF /* Debug */ = {
			isa = XCBuildConfiguration;
			buildSettings = {
				ASSETCATALOG_COMPILER_APPICON_NAME = AppIcon;
				ASSETCATALOG_COMPILER_GLOBAL_ACCENT_COLOR_NAME = AccentColor;
				CODE_SIGN_STYLE = Automatic;
				CURRENT_PROJECT_VERSION = 1;
				GENERATE_INFOPLIST_FILE = YES;
				INFOPLIST_FILE = ZendeskSupportDemo/Info.plist;
				INFOPLIST_KEY_UIApplicationSupportsIndirectInputEvents = YES;
				INFOPLIST_KEY_UILaunchStoryboardName = LaunchScreen;
				INFOPLIST_KEY_UIMainStoryboardFile = Main;
				INFOPLIST_KEY_UISupportedInterfaceOrientations_iPad = "UIInterfaceOrientationPortrait UIInterfaceOrientationPortraitUpsideDown UIInterfaceOrientationLandscapeLeft UIInterfaceOrientationLandscapeRight";
				INFOPLIST_KEY_UISupportedInterfaceOrientations_iPhone = "UIInterfaceOrientationPortrait UIInterfaceOrientationLandscapeLeft UIInterfaceOrientationLandscapeRight";
				LD_RUNPATH_SEARCH_PATHS = (
					"$(inherited)",
					"@executable_path/Frameworks",
				);
				MARKETING_VERSION = 1.0;
				PRODUCT_BUNDLE_IDENTIFIER = com.example.ZendeskSupportDemo;
				PRODUCT_NAME = "$(TARGET_NAME)";
				SWIFT_EMIT_LOC_STRINGS = YES;
				SWIFT_VERSION = 5.0;
				TARGETED_DEVICE_FAMILY = "1,2";
			};
			name = Debug;
		};
		230A2187293A3B0100E0E0BF /* Release */ = {
			isa = XCBuildConfiguration;
			buildSettings = {
				ASSETCATALOG_COMPILER_APPICON_NAME = AppIcon;
				ASSETCATALOG_COMPILER_GLOBAL_ACCENT_COLOR_NAME = AccentColor;
				CODE_SIGN_STYLE = Automatic;
				CURRENT_PROJECT_VERSION = 1;
				GENERATE_INFOPLIST_FILE = YES;
				INFOPLIST_FILE = ZendeskSupportDemo/Info.plist;
				INFOPLIST_KEY_UIApplicationSupportsIndirectInputEvents = YES;
				INFOPLIST_KEY_UILaunchStoryboardName = LaunchScreen;
				INFOPLIST_KEY_UIMainStoryboardFile = Main;
				INFOPLIST_KEY_UISupportedInterfaceOrientations_iPad = "UIInterfaceOrientationPortrait UIInterfaceOrientationPortraitUpsideDown UIInterfaceOrientationLandscapeLeft UIInterfaceOrientationLandscapeRight";
				INFOPLIST_KEY_UISupportedInterfaceOrientations_iPhone = "UIInterfaceOrientationPortrait UIInterfaceOrientationLandscapeLeft UIInterfaceOrientationLandscapeRight";
				LD_RUNPATH_SEARCH_PATHS = (
					"$(inherited)",
					"@executable_path/Frameworks",
				);
				MARKETING_VERSION = 1.0;
				PRODUCT_BUNDLE_IDENTIFIER = com.example.ZendeskSupportDemo;
				PRODUCT_NAME = "$(TARGET_NAME)";
				SWIFT_EMIT_LOC_STRINGS = YES;
				SWIFT_VERSION = 5.0;
				TARGETED_DEVICE_FAMILY = "1,2";
			};
			name = Release;
		};
/* End XCBuildConfiguration section */

/* Begin XCConfigurationList section */
		230A216C293A3B0100E0E0BF /* Build configuration list for PBXProject "ZendeskSupportDemo" */ = {
			isa = XCConfigurationList;
			buildConfigurations = (
				230A2183293A3B0100E0E0BF /* Debug */,
				230A2184293A3B0100E0E0BF /* Release */,
			);
			defaultConfigurationIsVisible = 0;
			defaultConfigurationName = Release;
		};
		230A2185293A3B0100E0E0BF /* Build configuration list for PBXNativeTarget "ZendeskSupportDemo" */ = {
			isa = XCConfigurationList;
			buildConfigurations = (
				230A2186293A3B0100E0E0BF /* Debug */,
				230A2187293A3B0100E0E0BF /* Release */,
			);
			defaultConfigurationIsVisible = 0;
			defaultConfigurationName = Release;
		};
/* End XCConfigurationList section */

/* Begin XCRemoteSwiftPackageReference section */
		230A2188293A3ECE00E0E0BF /* XCRemoteSwiftPackageReference "support_sdk_ios" */ = {
			isa = XCRemoteSwiftPackageReference;
			repositoryURL = "https://github.com/zendesk/support_sdk_ios";
			requirement = {
				kind = exactVersion;
				version = 6.0.0;
			};
		};
/* End XCRemoteSwiftPackageReference section */

/* Begin XCSwiftPackageProductDependency section */
		230A2189293A3ECE00E0E0BF /* ZendeskSupportSDK */ = {
			isa = XCSwiftPackageProductDependency;
			package = 230A2188293A3ECE00E0E0BF /* XCRemoteSwiftPackageReference "support_sdk_ios" */;
			productName = ZendeskSupportSDK;
		};
/* End XCSwiftPackageProductDependency section */
	};
	rootObject = 230A2169293A3B0100E0E0BF /* Project object */;
}
